// !$*UTF8*$!
{
	archiveVersion = 1;
	classes = {
	};
	objectVersion = 50;
	objects = {

/* Begin PBXBuildFile section */
		B513DA1D26CF60CD00EB8C8A /* AppDelegate.swift in Sources */ = {isa = PBXBuildFile; fileRef = B513DA1C26CF60CD00EB8C8A /* AppDelegate.swift */; };
		B513DA1F26CF60CD00EB8C8A /* SceneDelegate.swift in Sources */ = {isa = PBXBuildFile; fileRef = B513DA1E26CF60CD00EB8C8A /* SceneDelegate.swift */; };
		B513DA2126CF60CD00EB8C8A /* ViewController.swift in Sources */ = {isa = PBXBuildFile; fileRef = B513DA2026CF60CD00EB8C8A /* ViewController.swift */; };
		B513DA2426CF60CD00EB8C8A /* Main.storyboard in Resources */ = {isa = PBXBuildFile; fileRef = B513DA2226CF60CD00EB8C8A /* Main.storyboard */; };
		B513DA2626CF60CF00EB8C8A /* Assets.xcassets in Resources */ = {isa = PBXBuildFile; fileRef = B513DA2526CF60CF00EB8C8A /* Assets.xcassets */; };
		B513DA2926CF60CF00EB8C8A /* LaunchScreen.storyboard in Resources */ = {isa = PBXBuildFile; fileRef = B513DA2726CF60CF00EB8C8A /* LaunchScreen.storyboard */; };
		B513DA3426CF60CF00EB8C8A /* Tip_CalculatorTests.swift in Sources */ = {isa = PBXBuildFile; fileRef = B513DA3326CF60CF00EB8C8A /* Tip_CalculatorTests.swift */; };
		B513DA3F26CF60CF00EB8C8A /* Tip_CalculatorUITests.swift in Sources */ = {isa = PBXBuildFile; fileRef = B513DA3E26CF60CF00EB8C8A /* Tip_CalculatorUITests.swift */; };
/* End PBXBuildFile section */

/* Begin PBXContainerItemProxy section */
		B513DA3026CF60CF00EB8C8A /* PBXContainerItemProxy */ = {
			isa = PBXContainerItemProxy;
			containerPortal = B513DA1126CF60CD00EB8C8A /* Project object */;
			proxyType = 1;
			remoteGlobalIDString = B513DA1826CF60CD00EB8C8A;
			remoteInfo = "Tip Calculator";
		};
		B513DA3B26CF60CF00EB8C8A /* PBXContainerItemProxy */ = {
			isa = PBXContainerItemProxy;
			containerPortal = B513DA1126CF60CD00EB8C8A /* Project object */;
			proxyType = 1;
			remoteGlobalIDString = B513DA1826CF60CD00EB8C8A;
			remoteInfo = "Tip Calculator";
		};
/* End PBXContainerItemProxy section */

/* Begin PBXFileReference section */
		B513DA1926CF60CD00EB8C8A /* Tip Calculator.app */ = {isa = PBXFileReference; explicitFileType = wrapper.application; includeInIndex = 0; path = "Tip Calculator.app"; sourceTree = BUILT_PRODUCTS_DIR; };
		B513DA1C26CF60CD00EB8C8A /* AppDelegate.swift */ = {isa = PBXFileReference; lastKnownFileType = sourcecode.swift; path = AppDelegate.swift; sourceTree = "<group>"; };
		B513DA1E26CF60CD00EB8C8A /* SceneDelegate.swift */ = {isa = PBXFileReference; lastKnownFileType = sourcecode.swift; path = SceneDelegate.swift; sourceTree = "<group>"; };
		B513DA2026CF60CD00EB8C8A /* ViewController.swift */ = {isa = PBXFileReference; lastKnownFileType = sourcecode.swift; path = ViewController.swift; sourceTree = "<group>"; };
		B513DA2326CF60CD00EB8C8A /* Base */ = {isa = PBXFileReference; lastKnownFileType = file.storyboard; name = Base; path = Base.lproj/Main.storyboard; sourceTree = "<group>"; };
		B513DA2526CF60CF00EB8C8A /* Assets.xcassets */ = {isa = PBXFileReference; lastKnownFileType = folder.assetcatalog; path = Assets.xcassets; sourceTree = "<group>"; };
		B513DA2826CF60CF00EB8C8A /* Base */ = {isa = PBXFileReference; lastKnownFileType = file.storyboard; name = Base; path = Base.lproj/LaunchScreen.storyboard; sourceTree = "<group>"; };
		B513DA2A26CF60CF00EB8C8A /* Info.plist */ = {isa = PBXFileReference; lastKnownFileType = text.plist.xml; path = Info.plist; sourceTree = "<group>"; };
		B513DA2F26CF60CF00EB8C8A /* Tip CalculatorTests.xctest */ = {isa = PBXFileReference; explicitFileType = wrapper.cfbundle; includeInIndex = 0; path = "Tip CalculatorTests.xctest"; sourceTree = BUILT_PRODUCTS_DIR; };
		B513DA3326CF60CF00EB8C8A /* Tip_CalculatorTests.swift */ = {isa = PBXFileReference; lastKnownFileType = sourcecode.swift; path = Tip_CalculatorTests.swift; sourceTree = "<group>"; };
		B513DA3526CF60CF00EB8C8A /* Info.plist */ = {isa = PBXFileReference; lastKnownFileType = text.plist.xml; path = Info.plist; sourceTree = "<group>"; };
		B513DA3A26CF60CF00EB8C8A /* Tip CalculatorUITests.xctest */ = {isa = PBXFileReference; explicitFileType = wrapper.cfbundle; includeInIndex = 0; path = "Tip CalculatorUITests.xctest"; sourceTree = BUILT_PRODUCTS_DIR; };
		B513DA3E26CF60CF00EB8C8A /* Tip_CalculatorUITests.swift */ = {isa = PBXFileReference; lastKnownFileType = sourcecode.swift; path = Tip_CalculatorUITests.swift; sourceTree = "<group>"; };
		B513DA4026CF60CF00EB8C8A /* Info.plist */ = {isa = PBXFileReference; lastKnownFileType = text.plist.xml; path = Info.plist; sourceTree = "<group>"; };
/* End PBXFileReference section */

/* Begin PBXFrameworksBuildPhase section */
		B513DA1626CF60CD00EB8C8A /* Frameworks */ = {
			isa = PBXFrameworksBuildPhase;
			buildActionMask = 2147483647;
			files = (
			);
			runOnlyForDeploymentPostprocessing = 0;
		};
		B513DA2C26CF60CF00EB8C8A /* Frameworks */ = {
			isa = PBXFrameworksBuildPhase;
			buildActionMask = 2147483647;
			files = (
			);
			runOnlyForDeploymentPostprocessing = 0;
		};
		B513DA3726CF60CF00EB8C8A /* Frameworks */ = {
			isa = PBXFrameworksBuildPhase;
			buildActionMask = 2147483647;
			files = (
			);
			runOnlyForDeploymentPostprocessing = 0;
		};
/* End PBXFrameworksBuildPhase section */

/* Begin PBXGroup section */
		B513DA1026CF60CD00EB8C8A = {
			isa = PBXGroup;
			children = (
				B513DA1B26CF60CD00EB8C8A /* Tip Calculator */,
				B513DA3226CF60CF00EB8C8A /* Tip CalculatorTests */,
				B513DA3D26CF60CF00EB8C8A /* Tip CalculatorUITests */,
				B513DA1A26CF60CD00EB8C8A /* Products */,
			);
			sourceTree = "<group>";
		};
		B513DA1A26CF60CD00EB8C8A /* Products */ = {
			isa = PBXGroup;
			children = (
				B513DA1926CF60CD00EB8C8A /* Tip Calculator.app */,
				B513DA2F26CF60CF00EB8C8A /* Tip CalculatorTests.xctest */,
				B513DA3A26CF60CF00EB8C8A /* Tip CalculatorUITests.xctest */,
			);
			name = Products;
			sourceTree = "<group>";
		};
		B513DA1B26CF60CD00EB8C8A /* Tip Calculator */ = {
			isa = PBXGroup;
			children = (
				B513DA1C26CF60CD00EB8C8A /* AppDelegate.swift */,
				B513DA1E26CF60CD00EB8C8A /* SceneDelegate.swift */,
				B513DA2026CF60CD00EB8C8A /* ViewController.swift */,
				B513DA2226CF60CD00EB8C8A /* Main.storyboard */,
				B513DA2526CF60CF00EB8C8A /* Assets.xcassets */,
				B513DA2726CF60CF00EB8C8A /* LaunchScreen.storyboard */,
				B513DA2A26CF60CF00EB8C8A /* Info.plist */,
			);
			path = "Tip Calculator";
			sourceTree = "<group>";
		};
		B513DA3226CF60CF00EB8C8A /* Tip CalculatorTests */ = {
			isa = PBXGroup;
			children = (
				B513DA3326CF60CF00EB8C8A /* Tip_CalculatorTests.swift */,
				B513DA3526CF60CF00EB8C8A /* Info.plist */,
			);
			path = "Tip CalculatorTests";
			sourceTree = "<group>";
		};
		B513DA3D26CF60CF00EB8C8A /* Tip CalculatorUITests */ = {
			isa = PBXGroup;
			children = (
				B513DA3E26CF60CF00EB8C8A /* Tip_CalculatorUITests.swift */,
				B513DA4026CF60CF00EB8C8A /* Info.plist */,
			);
			path = "Tip CalculatorUITests";
			sourceTree = "<group>";
		};
/* End PBXGroup section */

/* Begin PBXNativeTarget section */
		B513DA1826CF60CD00EB8C8A /* Tip Calculator */ = {
			isa = PBXNativeTarget;
			buildConfigurationList = B513DA4326CF60CF00EB8C8A /* Build configuration list for PBXNativeTarget "Tip Calculator" */;
			buildPhases = (
				B513DA1526CF60CD00EB8C8A /* Sources */,
				B513DA1626CF60CD00EB8C8A /* Frameworks */,
				B513DA1726CF60CD00EB8C8A /* Resources */,
			);
			buildRules = (
			);
			dependencies = (
			);
			name = "Tip Calculator";
			productName = "Tip Calculator";
			productReference = B513DA1926CF60CD00EB8C8A /* Tip Calculator.app */;
			productType = "com.apple.product-type.application";
		};
		B513DA2E26CF60CF00EB8C8A /* Tip CalculatorTests */ = {
			isa = PBXNativeTarget;
			buildConfigurationList = B513DA4626CF60CF00EB8C8A /* Build configuration list for PBXNativeTarget "Tip CalculatorTests" */;
			buildPhases = (
				B513DA2B26CF60CF00EB8C8A /* Sources */,
				B513DA2C26CF60CF00EB8C8A /* Frameworks */,
				B513DA2D26CF60CF00EB8C8A /* Resources */,
			);
			buildRules = (
			);
			dependencies = (
				B513DA3126CF60CF00EB8C8A /* PBXTargetDependency */,
			);
			name = "Tip CalculatorTests";
			productName = "Tip CalculatorTests";
			productReference = B513DA2F26CF60CF00EB8C8A /* Tip CalculatorTests.xctest */;
			productType = "com.apple.product-type.bundle.unit-test";
		};
		B513DA3926CF60CF00EB8C8A /* Tip CalculatorUITests */ = {
			isa = PBXNativeTarget;
			buildConfigurationList = B513DA4926CF60CF00EB8C8A /* Build configuration list for PBXNativeTarget "Tip CalculatorUITests" */;
			buildPhases = (
				B513DA3626CF60CF00EB8C8A /* Sources */,
				B513DA3726CF60CF00EB8C8A /* Frameworks */,
				B513DA3826CF60CF00EB8C8A /* Resources */,
			);
			buildRules = (
			);
			dependencies = (
				B513DA3C26CF60CF00EB8C8A /* PBXTargetDependency */,
			);
			name = "Tip CalculatorUITests";
			productName = "Tip CalculatorUITests";
			productReference = B513DA3A26CF60CF00EB8C8A /* Tip CalculatorUITests.xctest */;
			productType = "com.apple.product-type.bundle.ui-testing";
		};
/* End PBXNativeTarget section */

/* Begin PBXProject section */
		B513DA1126CF60CD00EB8C8A /* Project object */ = {
			isa = PBXProject;
			attributes = {
				LastSwiftUpdateCheck = 1250;
				LastUpgradeCheck = 1250;
				TargetAttributes = {
					B513DA1826CF60CD00EB8C8A = {
						CreatedOnToolsVersion = 12.5.1;
					};
					B513DA2E26CF60CF00EB8C8A = {
						CreatedOnToolsVersion = 12.5.1;
						TestTargetID = B513DA1826CF60CD00EB8C8A;
					};
					B513DA3926CF60CF00EB8C8A = {
						CreatedOnToolsVersion = 12.5.1;
						TestTargetID = B513DA1826CF60CD00EB8C8A;
					};
				};
			};
			buildConfigurationList = B513DA1426CF60CD00EB8C8A /* Build configuration list for PBXProject "Tip Calculator" */;
			compatibilityVersion = "Xcode 9.3";
			developmentRegion = en;
			hasScannedForEncodings = 0;
			knownRegions = (
				en,
				Base,
			);
			mainGroup = B513DA1026CF60CD00EB8C8A;
			productRefGroup = B513DA1A26CF60CD00EB8C8A /* Products */;
			projectDirPath = "";
			projectRoot = "";
			targets = (
				B513DA1826CF60CD00EB8C8A /* Tip Calculator */,
				B513DA2E26CF60CF00EB8C8A /* Tip CalculatorTests */,
				B513DA3926CF60CF00EB8C8A /* Tip CalculatorUITests */,
			);
		};
/* End PBXProject section */

/* Begin PBXResourcesBuildPhase section */
		B513DA1726CF60CD00EB8C8A /* Resources */ = {
			isa = PBXResourcesBuildPhase;
			buildActionMask = 2147483647;
			files = (
				B513DA2926CF60CF00EB8C8A /* LaunchScreen.storyboard in Resources */,
				B513DA2626CF60CF00EB8C8A /* Assets.xcassets in Resources */,
				B513DA2426CF60CD00EB8C8A /* Main.storyboard in Resources */,
			);
			runOnlyForDeploymentPostprocessing = 0;
		};
		B513DA2D26CF60CF00EB8C8A /* Resources */ = {
			isa = PBXResourcesBuildPhase;
			buildActionMask = 2147483647;
			files = (
			);
			runOnlyForDeploymentPostprocessing = 0;
		};
		B513DA3826CF60CF00EB8C8A /* Resources */ = {
			isa = PBXResourcesBuildPhase;
			buildActionMask = 2147483647;
			files = (
			);
			runOnlyForDeploymentPostprocessing = 0;
		};
/* End PBXResourcesBuildPhase section */

/* Begin PBXSourcesBuildPhase section */
		B513DA1526CF60CD00EB8C8A /* Sources */ = {
			isa = PBXSourcesBuildPhase;
			buildActionMask = 2147483647;
			files = (
				B513DA2126CF60CD00EB8C8A /* ViewController.swift in Sources */,
				B513DA1D26CF60CD00EB8C8A /* AppDelegate.swift in Sources */,
				B513DA1F26CF60CD00EB8C8A /* SceneDelegate.swift in Sources */,
			);
			runOnlyForDeploymentPostprocessing = 0;
		};
		B513DA2B26CF60CF00EB8C8A /* Sources */ = {
			isa = PBXSourcesBuildPhase;
			buildActionMask = 2147483647;
			files = (
				B513DA3426CF60CF00EB8C8A /* Tip_CalculatorTests.swift in Sources */,
			);
			runOnlyForDeploymentPostprocessing = 0;
		};
		B513DA3626CF60CF00EB8C8A /* Sources */ = {
			isa = PBXSourcesBuildPhase;
			buildActionMask = 2147483647;
			files = (
				B513DA3F26CF60CF00EB8C8A /* Tip_CalculatorUITests.swift in Sources */,
			);
			runOnlyForDeploymentPostprocessing = 0;
		};
/* End PBXSourcesBuildPhase section */

/* Begin PBXTargetDependency section */
		B513DA3126CF60CF00EB8C8A /* PBXTargetDependency */ = {
			isa = PBXTargetDependency;
			target = B513DA1826CF60CD00EB8C8A /* Tip Calculator */;
			targetProxy = B513DA3026CF60CF00EB8C8A /* PBXContainerItemProxy */;
		};
		B513DA3C26CF60CF00EB8C8A /* PBXTargetDependency */ = {
			isa = PBXTargetDependency;
			target = B513DA1826CF60CD00EB8C8A /* Tip Calculator */;
			targetProxy = B513DA3B26CF60CF00EB8C8A /* PBXContainerItemProxy */;
		};
/* End PBXTargetDependency section */

/* Begin PBXVariantGroup section */
		B513DA2226CF60CD00EB8C8A /* Main.storyboard */ = {
			isa = PBXVariantGroup;
			children = (
				B513DA2326CF60CD00EB8C8A /* Base */,
			);
			name = Main.storyboard;
			sourceTree = "<group>";
		};
		B513DA2726CF60CF00EB8C8A /* LaunchScreen.storyboard */ = {
			isa = PBXVariantGroup;
			children = (
				B513DA2826CF60CF00EB8C8A /* Base */,
			);
			name = LaunchScreen.storyboard;
			sourceTree = "<group>";
		};
/* End PBXVariantGroup section */

/* Begin XCBuildConfiguration section */
		B513DA4126CF60CF00EB8C8A /* Debug */ = {
			isa = XCBuildConfiguration;
			buildSettings = {
				ALWAYS_SEARCH_USER_PATHS = NO;
				CLANG_ANALYZER_NONNULL = YES;
				CLANG_ANALYZER_NUMBER_OBJECT_CONVERSION = YES_AGGRESSIVE;
				CLANG_CXX_LANGUAGE_STANDARD = "gnu++14";
				CLANG_CXX_LIBRARY = "libc++";
				CLANG_ENABLE_MODULES = YES;
				CLANG_ENABLE_OBJC_ARC = YES;
				CLANG_ENABLE_OBJC_WEAK = YES;
				CLANG_WARN_BLOCK_CAPTURE_AUTORELEASING = YES;
				CLANG_WARN_BOOL_CONVERSION = YES;
				CLANG_WARN_COMMA = YES;
				CLANG_WARN_CONSTANT_CONVERSION = YES;
				CLANG_WARN_DEPRECATED_OBJC_IMPLEMENTATIONS = YES;
				CLANG_WARN_DIRECT_OBJC_ISA_USAGE = YES_ERROR;
				CLANG_WARN_DOCUMENTATION_COMMENTS = YES;
				CLANG_WARN_EMPTY_BODY = YES;
				CLANG_WARN_ENUM_CONVERSION = YES;
				CLANG_WARN_INFINITE_RECURSION = YES;
				CLANG_WARN_INT_CONVERSION = YES;
				CLANG_WARN_NON_LITERAL_NULL_CONVERSION = YES;
				CLANG_WARN_OBJC_IMPLICIT_RETAIN_SELF = YES;
				CLANG_WARN_OBJC_LITERAL_CONVERSION = YES;
				CLANG_WARN_OBJC_ROOT_CLASS = YES_ERROR;
				CLANG_WARN_QUOTED_INCLUDE_IN_FRAMEWORK_HEADER = YES;
				CLANG_WARN_RANGE_LOOP_ANALYSIS = YES;
				CLANG_WARN_STRICT_PROTOTYPES = YES;
				CLANG_WARN_SUSPICIOUS_MOVE = YES;
				CLANG_WARN_UNGUARDED_AVAILABILITY = YES_AGGRESSIVE;
				CLANG_WARN_UNREACHABLE_CODE = YES;
				CLANG_WARN__DUPLICATE_METHOD_MATCH = YES;
				COPY_PHASE_STRIP = NO;
				DEBUG_INFORMATION_FORMAT = dwarf;
				ENABLE_STRICT_OBJC_MSGSEND = YES;
				ENABLE_TESTABILITY = YES;
				GCC_C_LANGUAGE_STANDARD = gnu11;
				GCC_DYNAMIC_NO_PIC = NO;
				GCC_NO_COMMON_BLOCKS = YES;
				GCC_OPTIMIZATION_LEVEL = 0;
				GCC_PREPROCESSOR_DEFINITIONS = (
					"DEBUG=1",
					"$(inherited)",
				);
				GCC_WARN_64_TO_32_BIT_CONVERSION = YES;
				GCC_WARN_ABOUT_RETURN_TYPE = YES_ERROR;
				GCC_WARN_UNDECLARED_SELECTOR = YES;
				GCC_WARN_UNINITIALIZED_AUTOS = YES_AGGRESSIVE;
				GCC_WARN_UNUSED_FUNCTION = YES;
				GCC_WARN_UNUSED_VARIABLE = YES;
				IPHONEOS_DEPLOYMENT_TARGET = 14.5;
				MTL_ENABLE_DEBUG_INFO = INCLUDE_SOURCE;
				MTL_FAST_MATH = YES;
				ONLY_ACTIVE_ARCH = YES;
				SDKROOT = iphoneos;
				SWIFT_ACTIVE_COMPILATION_CONDITIONS = DEBUG;
				SWIFT_OPTIMIZATION_LEVEL = "-Onone";
			};
			name = Debug;
		};
		B513DA4226CF60CF00EB8C8A /* Release */ = {
			isa = XCBuildConfiguration;
			buildSettings = {
				ALWAYS_SEARCH_USER_PATHS = NO;
				CLANG_ANALYZER_NONNULL = YES;
				CLANG_ANALYZER_NUMBER_OBJECT_CONVERSION = YES_AGGRESSIVE;
				CLANG_CXX_LANGUAGE_STANDARD = "gnu++14";
				CLANG_CXX_LIBRARY = "libc++";
				CLANG_ENABLE_MODULES = YES;
				CLANG_ENABLE_OBJC_ARC = YES;
				CLANG_ENABLE_OBJC_WEAK = YES;
				CLANG_WARN_BLOCK_CAPTURE_AUTORELEASING = YES;
				CLANG_WARN_BOOL_CONVERSION = YES;
				CLANG_WARN_COMMA = YES;
				CLANG_WARN_CONSTANT_CONVERSION = YES;
				CLANG_WARN_DEPRECATED_OBJC_IMPLEMENTATIONS = YES;
				CLANG_WARN_DIRECT_OBJC_ISA_USAGE = YES_ERROR;
				CLANG_WARN_DOCUMENTATION_COMMENTS = YES;
				CLANG_WARN_EMPTY_BODY = YES;
				CLANG_WARN_ENUM_CONVERSION = YES;
				CLANG_WARN_INFINITE_RECURSION = YES;
				CLANG_WARN_INT_CONVERSION = YES;
				CLANG_WARN_NON_LITERAL_NULL_CONVERSION = YES;
				CLANG_WARN_OBJC_IMPLICIT_RETAIN_SELF = YES;
				CLANG_WARN_OBJC_LITERAL_CONVERSION = YES;
				CLANG_WARN_OBJC_ROOT_CLASS = YES_ERROR;
				CLANG_WARN_QUOTED_INCLUDE_IN_FRAMEWORK_HEADER = YES;
				CLANG_WARN_RANGE_LOOP_ANALYSIS = YES;
				CLANG_WARN_STRICT_PROTOTYPES = YES;
				CLANG_WARN_SUSPICIOUS_MOVE = YES;
				CLANG_WARN_UNGUARDED_AVAILABILITY = YES_AGGRESSIVE;
				CLANG_WARN_UNREACHABLE_CODE = YES;
				CLANG_WARN__DUPLICATE_METHOD_MATCH = YES;
				COPY_PHASE_STRIP = NO;
				DEBUG_INFORMATION_FORMAT = "dwarf-with-dsym";
				ENABLE_NS_ASSERTIONS = NO;
				ENABLE_STRICT_OBJC_MSGSEND = YES;
				GCC_C_LANGUAGE_STANDARD = gnu11;
				GCC_NO_COMMON_BLOCKS = YES;
				GCC_WARN_64_TO_32_BIT_CONVERSION = YES;
				GCC_WARN_ABOUT_RETURN_TYPE = YES_ERROR;
				GCC_WARN_UNDECLARED_SELECTOR = YES;
				GCC_WARN_UNINITIALIZED_AUTOS = YES_AGGRESSIVE;
				GCC_WARN_UNUSED_FUNCTION = YES;
				GCC_WARN_UNUSED_VARIABLE = YES;
				IPHONEOS_DEPLOYMENT_TARGET = 14.5;
				MTL_ENABLE_DEBUG_INFO = NO;
				MTL_FAST_MATH = YES;
				SDKROOT = iphoneos;
				SWIFT_COMPILATION_MODE = wholemodule;
				SWIFT_OPTIMIZATION_LEVEL = "-O";
				VALIDATE_PRODUCT = YES;
			};
			name = Release;
		};
		B513DA4426CF60CF00EB8C8A /* Debug */ = {
			isa = XCBuildConfiguration;
			buildSettings = {
				ASSETCATALOG_COMPILER_APPICON_NAME = AppIcon;
				ASSETCATALOG_COMPILER_GLOBAL_ACCENT_COLOR_NAME = AccentColor;
				CODE_SIGN_STYLE = Automatic;
				INFOPLIST_FILE = "Tip Calculator/Info.plist";
				LD_RUNPATH_SEARCH_PATHS = (
					"$(inherited)",
					"@executable_path/Frameworks",
				);
				PRODUCT_BUNDLE_IDENTIFIER = "memo.com.Tip-Calculator";
				PRODUCT_NAME = "$(TARGET_NAME)";
				SWIFT_VERSION = 5.0;
				TARGETED_DEVICE_FAMILY = "1,2";
			};
			name = Debug;
		};
		B513DA4526CF60CF00EB8C8A /* Release */ = {
			isa = XCBuildConfiguration;
			buildSettings = {
				ASSETCATALOG_COMPILER_APPICON_NAME = AppIcon;
				ASSETCATALOG_COMPILER_GLOBAL_ACCENT_COLOR_NAME = AccentColor;
				CODE_SIGN_STYLE = Automatic;
				INFOPLIST_FILE = "Tip Calculator/Info.plist";
				LD_RUNPATH_SEARCH_PATHS = (
					"$(inherited)",
					"@executable_path/Frameworks",
				);
				PRODUCT_BUNDLE_IDENTIFIER = "memo.com.Tip-Calculator";
				PRODUCT_NAME = "$(TARGET_NAME)";
				SWIFT_VERSION = 5.0;
				TARGETED_DEVICE_FAMILY = "1,2";
			};
			name = Release;
		};
		B513DA4726CF60CF00EB8C8A /* Debug */ = {
			isa = XCBuildConfiguration;
			buildSettings = {
				ALWAYS_EMBED_SWIFT_STANDARD_LIBRARIES = YES;
				BUNDLE_LOADER = "$(TEST_HOST)";
				CODE_SIGN_STYLE = Automatic;
				INFOPLIST_FILE = "Tip CalculatorTests/Info.plist";
				IPHONEOS_DEPLOYMENT_TARGET = 14.5;
				LD_RUNPATH_SEARCH_PATHS = (
					"$(inherited)",
					"@executable_path/Frameworks",
					"@loader_path/Frameworks",
				);
				PRODUCT_BUNDLE_IDENTIFIER = "memo.com.Tip-CalculatorTests";
				PRODUCT_NAME = "$(TARGET_NAME)";
				SWIFT_VERSION = 5.0;
				TARGETED_DEVICE_FAMILY = "1,2";
				TEST_HOST = "$(BUILT_PRODUCTS_DIR)/Tip Calculator.app/Tip Calculator";
			};
			name = Debug;
		};
		B513DA4826CF60CF00EB8C8A /* Release */ = {
			isa = XCBuildConfiguration;
			buildSettings = {
				ALWAYS_EMBED_SWIFT_STANDARD_LIBRARIES = YES;
				BUNDLE_LOADER = "$(TEST_HOST)";
				CODE_SIGN_STYLE = Automatic;
				INFOPLIST_FILE = "Tip CalculatorTests/Info.plist";
				IPHONEOS_DEPLOYMENT_TARGET = 14.5;
				LD_RUNPATH_SEARCH_PATHS = (
					"$(inherited)",
					"@executable_path/Frameworks",
					"@loader_path/Frameworks",
				);
				PRODUCT_BUNDLE_IDENTIFIER = "memo.com.Tip-CalculatorTests";
				PRODUCT_NAME = "$(TARGET_NAME)";
				SWIFT_VERSION = 5.0;
				TARGETED_DEVICE_FAMILY = "1,2";
				TEST_HOST = "$(BUILT_PRODUCTS_DIR)/Tip Calculator.app/Tip Calculator";
			};
			name = Release;
		};
		B513DA4A26CF60CF00EB8C8A /* Debug */ = {
			isa = XCBuildConfiguration;
			buildSettings = {
				ALWAYS_EMBED_SWIFT_STANDARD_LIBRARIES = YES;
				CODE_SIGN_STYLE = Automatic;
				INFOPLIST_FILE = "Tip CalculatorUITests/Info.plist";
				LD_RUNPATH_SEARCH_PATHS = (
					"$(inherited)",
					"@executable_path/Frameworks",
					"@loader_path/Frameworks",
				);
				PRODUCT_BUNDLE_IDENTIFIER = "memo.com.Tip-CalculatorUITests";
				PRODUCT_NAME = "$(TARGET_NAME)";
				SWIFT_VERSION = 5.0;
				TARGETED_DEVICE_FAMILY = "1,2";
				TEST_TARGET_NAME = "Tip Calculator";
			};
			name = Debug;
		};
		B513DA4B26CF60CF00EB8C8A /* Release */ = {
			isa = XCBuildConfiguration;
			buildSettings = {
				ALWAYS_EMBED_SWIFT_STANDARD_LIBRARIES = YES;
				CODE_SIGN_STYLE = Automatic;
				INFOPLIST_FILE = "Tip CalculatorUITests/Info.plist";
				LD_RUNPATH_SEARCH_PATHS = (
					"$(inherited)",
					"@executable_path/Frameworks",
					"@loader_path/Frameworks",
				);
				PRODUCT_BUNDLE_IDENTIFIER = "memo.com.Tip-CalculatorUITests";
				PRODUCT_NAME = "$(TARGET_NAME)";
				SWIFT_VERSION = 5.0;
				TARGETED_DEVICE_FAMILY = "1,2";
				TEST_TARGET_NAME = "Tip Calculator";
			};
			name = Release;
		};
/* End XCBuildConfiguration section */

/* Begin XCConfigurationList section */
		B513DA1426CF60CD00EB8C8A /* Build configuration list for PBXProject "Tip Calculator" */ = {
			isa = XCConfigurationList;
			buildConfigurations = (
				B513DA4126CF60CF00EB8C8A /* Debug */,
				B513DA4226CF60CF00EB8C8A /* Release */,
			);
			defaultConfigurationIsVisible = 0;
			defaultConfigurationName = Release;
		};
		B513DA4326CF60CF00EB8C8A /* Build configuration list for PBXNativeTarget "Tip Calculator" */ = {
			isa = XCConfigurationList;
			buildConfigurations = (
				B513DA4426CF60CF00EB8C8A /* Debug */,
				B513DA4526CF60CF00EB8C8A /* Release */,
			);
			defaultConfigurationIsVisible = 0;
			defaultConfigurationName = Release;
		};
		B513DA4626CF60CF00EB8C8A /* Build configuration list for PBXNativeTarget "Tip CalculatorTests" */ = {
			isa = XCConfigurationList;
			buildConfigurations = (
				B513DA4726CF60CF00EB8C8A /* Debug */,
				B513DA4826CF60CF00EB8C8A /* Release */,
			);
			defaultConfigurationIsVisible = 0;
			defaultConfigurationName = Release;
		};
		B513DA4926CF60CF00EB8C8A /* Build configuration list for PBXNativeTarget "Tip CalculatorUITests" */ = {
			isa = XCConfigurationList;
			buildConfigurations = (
				B513DA4A26CF60CF00EB8C8A /* Debug */,
				B513DA4B26CF60CF00EB8C8A /* Release */,
			);
			defaultConfigurationIsVisible = 0;
			defaultConfigurationName = Release;
		};
/* End XCConfigurationList section */
	};
	rootObject = B513DA1126CF60CD00EB8C8A /* Project object */;
}
